
Microsoft Visual Studio Solution File, Format Version 12.00
# Visual Studio Version 17
VisualStudioVersion = 17.1.32127.271
MinimumVisualStudioVersion = 15.0.26124.0
Project("{2150E333-8FDC-42A3-9474-1A3956D46DE8}") = "Solution Items", "Solution Items", "{6B5D26D8-8C72-468A-8747-68BF59A202A1}"
	ProjectSection(SolutionItems) = preProject
		Directory.Packages.props = Directory.Packages.props
	EndProjectSection
EndProject
Project("{2150E333-8FDC-42A3-9474-1A3956D46DE8}") = "src", "src", "{02EA681E-C7D8-13C7-8484-4AC65E1B71E8}"
EndProject
Project("{2150E333-8FDC-42A3-9474-1A3956D46DE8}") = "tests", "tests", "{CED79162-5AD1-4480-BC02-9F3A9B02389E}"
EndProject
Project("{FAE04EC0-301F-11D3-BF4B-00C04F79EFBC}") = "DrinkingPassion.Api", "src\DrinkingPassion.Api\DrinkingPassion.Api.csproj", "{EF895DC4-DE68-3A13-0006-A418EBCE152C}"
EndProject
Project("{FAE04EC0-301F-11D3-BF4B-00C04F79EFBC}") = "DrinkingPassion.Api.Core", "src\DrinkingPassion.Core\DrinkingPassion.Api.Core.csproj", "{3FEA0800-9487-9FFC-D6F2-E628DC7D3DCA}"
EndProject
Project("{FAE04EC0-301F-11D3-BF4B-00C04F79EFBC}") = "DrinkingPassion.Api.Infrastructure", "src\DrinkingPassion.Infrastructure\DrinkingPassion.Api.Infrastructure.csproj", "{DCA03763-AAF7-AEF8-93B2-2248CC26BBBF}"
EndProject
Project("{FAE04EC0-301F-11D3-BF4B-00C04F79EFBC}") = "DrinkingPassion.Api.Shared.Tests", "tests\DrinkingPassion.Api.Core.Tests\DrinkingPassion.Api.Shared.Tests.csproj", "{18E0A458-0A78-7FE3-050B-B12EA60B6F0B}"
EndProject
Project("{FAE04EC0-301F-11D3-BF4B-00C04F79EFBC}") = "DrinkingPassion.Api.Tests", "tests\DrinkingPassion.Api.Tests\DrinkingPassion.Api.Tests.csproj", "{0E7F4627-8F05-64B4-8D15-4B5EC5A69D67}"
EndProject
Project("{FAE04EC0-301F-11D3-BF4B-00C04F79EFBC}") = "DrinkingPassion.Shared", "src\DrinkingPassion.Shared\DrinkingPassion.Shared.csproj", "{F035CD8D-DE14-4BEB-9693-0DBB8F21EC35}"
EndProject
Global
	GlobalSection(SolutionConfigurationPlatforms) = preSolution
		Debug|Any CPU = Debug|Any CPU
		Debug|x64 = Debug|x64
		Debug|x86 = Debug|x86
		Release|Any CPU = Release|Any CPU
		Release|x64 = Release|x64
		Release|x86 = Release|x86
	EndGlobalSection
	GlobalSection(ProjectConfigurationPlatforms) = postSolution
		{EF895DC4-DE68-3A13-0006-A418EBCE152C}.Debug|Any CPU.ActiveCfg = Debug|Any CPU
		{EF895DC4-DE68-3A13-0006-A418EBCE152C}.Debug|Any CPU.Build.0 = Debug|Any CPU
		{EF895DC4-DE68-3A13-0006-A418EBCE152C}.Debug|x64.ActiveCfg = Debug|Any CPU
		{EF895DC4-DE68-3A13-0006-A418EBCE152C}.Debug|x64.Build.0 = Debug|Any CPU
		{EF895DC4-DE68-3A13-0006-A418EBCE152C}.Debug|x86.ActiveCfg = Debug|Any CPU
		{EF895DC4-DE68-3A13-0006-A418EBCE152C}.Debug|x86.Build.0 = Debug|Any CPU
		{EF895DC4-DE68-3A13-0006-A418EBCE152C}.Release|Any CPU.ActiveCfg = Release|Any CPU
		{EF895DC4-DE68-3A13-0006-A418EBCE152C}.Release|Any CPU.Build.0 = Release|Any CPU
		{EF895DC4-DE68-3A13-0006-A418EBCE152C}.Release|x64.ActiveCfg = Release|Any CPU
		{EF895DC4-DE68-3A13-0006-A418EBCE152C}.Release|x64.Build.0 = Release|Any CPU
		{EF895DC4-DE68-3A13-0006-A418EBCE152C}.Release|x86.ActiveCfg = Release|Any CPU
		{EF895DC4-DE68-3A13-0006-A418EBCE152C}.Release|x86.Build.0 = Release|Any CPU
		{3FEA0800-9487-9FFC-D6F2-E628DC7D3DCA}.Debug|Any CPU.ActiveCfg = Debug|Any CPU
		{3FEA0800-9487-9FFC-D6F2-E628DC7D3DCA}.Debug|Any CPU.Build.0 = Debug|Any CPU
		{3FEA0800-9487-9FFC-D6F2-E628DC7D3DCA}.Debug|x64.ActiveCfg = Debug|Any CPU
		{3FEA0800-9487-9FFC-D6F2-E628DC7D3DCA}.Debug|x64.Build.0 = Debug|Any CPU
		{3FEA0800-9487-9FFC-D6F2-E628DC7D3DCA}.Debug|x86.ActiveCfg = Debug|Any CPU
		{3FEA0800-9487-9FFC-D6F2-E628DC7D3DCA}.Debug|x86.Build.0 = Debug|Any CPU
		{3FEA0800-9487-9FFC-D6F2-E628DC7D3DCA}.Release|Any CPU.ActiveCfg = Release|Any CPU
		{3FEA0800-9487-9FFC-D6F2-E628DC7D3DCA}.Release|Any CPU.Build.0 = Release|Any CPU
		{3FEA0800-9487-9FFC-D6F2-E628DC7D3DCA}.Release|x64.ActiveCfg = Release|Any CPU
		{3FEA0800-9487-9FFC-D6F2-E628DC7D3DCA}.Release|x64.Build.0 = Release|Any CPU
		{3FEA0800-9487-9FFC-D6F2-E628DC7D3DCA}.Release|x86.ActiveCfg = Release|Any CPU
		{3FEA0800-9487-9FFC-D6F2-E628DC7D3DCA}.Release|x86.Build.0 = Release|Any CPU
		{DCA03763-AAF7-AEF8-93B2-2248CC26BBBF}.Debug|Any CPU.ActiveCfg = Debug|Any CPU
		{DCA03763-AAF7-AEF8-93B2-2248CC26BBBF}.Debug|Any CPU.Build.0 = Debug|Any CPU
		{DCA03763-AAF7-AEF8-93B2-2248CC26BBBF}.Debug|x64.ActiveCfg = Debug|Any CPU
		{DCA03763-AAF7-AEF8-93B2-2248CC26BBBF}.Debug|x64.Build.0 = Debug|Any CPU
		{DCA03763-AAF7-AEF8-93B2-2248CC26BBBF}.Debug|x86.ActiveCfg = Debug|Any CPU
		{DCA03763-AAF7-AEF8-93B2-2248CC26BBBF}.Debug|x86.Build.0 = Debug|Any CPU
		{DCA03763-AAF7-AEF8-93B2-2248CC26BBBF}.Release|Any CPU.ActiveCfg = Release|Any CPU
		{DCA03763-AAF7-AEF8-93B2-2248CC26BBBF}.Release|Any CPU.Build.0 = Release|Any CPU
		{DCA03763-AAF7-AEF8-93B2-2248CC26BBBF}.Release|x64.ActiveCfg = Release|Any CPU
		{DCA03763-AAF7-AEF8-93B2-2248CC26BBBF}.Release|x64.Build.0 = Release|Any CPU
		{DCA03763-AAF7-AEF8-93B2-2248CC26BBBF}.Release|x86.ActiveCfg = Release|Any CPU
		{DCA03763-AAF7-AEF8-93B2-2248CC26BBBF}.Release|x86.Build.0 = Release|Any CPU
		{18E0A458-0A78-7FE3-050B-B12EA60B6F0B}.Debug|Any CPU.ActiveCfg = Debug|Any CPU
		{18E0A458-0A78-7FE3-050B-B12EA60B6F0B}.Debug|Any CPU.Build.0 = Debug|Any CPU
		{18E0A458-0A78-7FE3-050B-B12EA60B6F0B}.Debug|x64.ActiveCfg = Debug|Any CPU
		{18E0A458-0A78-7FE3-050B-B12EA60B6F0B}.Debug|x64.Build.0 = Debug|Any CPU
		{18E0A458-0A78-7FE3-050B-B12EA60B6F0B}.Debug|x86.ActiveCfg = Debug|Any CPU
		{18E0A458-0A78-7FE3-050B-B12EA60B6F0B}.Debug|x86.Build.0 = Debug|Any CPU
		{18E0A458-0A78-7FE3-050B-B12EA60B6F0B}.Release|Any CPU.ActiveCfg = Release|Any CPU
		{18E0A458-0A78-7FE3-050B-B12EA60B6F0B}.Release|Any CPU.Build.0 = Release|Any CPU
		{18E0A458-0A78-7FE3-050B-B12EA60B6F0B}.Release|x64.ActiveCfg = Release|Any CPU
		{18E0A458-0A78-7FE3-050B-B12EA60B6F0B}.Release|x64.Build.0 = Release|Any CPU
		{18E0A458-0A78-7FE3-050B-B12EA60B6F0B}.Release|x86.ActiveCfg = Release|Any CPU
		{18E0A458-0A78-7FE3-050B-B12EA60B6F0B}.Release|x86.Build.0 = Release|Any CPU
		{0E7F4627-8F05-64B4-8D15-4B5EC5A69D67}.Debug|Any CPU.ActiveCfg = Debug|Any CPU
		{0E7F4627-8F05-64B4-8D15-4B5EC5A69D67}.Debug|Any CPU.Build.0 = Debug|Any CPU
		{0E7F4627-8F05-64B4-8D15-4B5EC5A69D67}.Debug|x64.ActiveCfg = Debug|Any CPU
		{0E7F4627-8F05-64B4-8D15-4B5EC5A69D67}.Debug|x64.Build.0 = Debug|Any CPU
		{0E7F4627-8F05-64B4-8D15-4B5EC5A69D67}.Debug|x86.ActiveCfg = Debug|Any CPU
		{0E7F4627-8F05-64B4-8D15-4B5EC5A69D67}.Debug|x86.Build.0 = Debug|Any CPU
		{0E7F4627-8F05-64B4-8D15-4B5EC5A69D67}.Release|Any CPU.ActiveCfg = Release|Any CPU
		{0E7F4627-8F05-64B4-8D15-4B5EC5A69D67}.Release|Any CPU.Build.0 = Release|Any CPU
		{0E7F4627-8F05-64B4-8D15-4B5EC5A69D67}.Release|x64.ActiveCfg = Release|Any CPU
		{0E7F4627-8F05-64B4-8D15-4B5EC5A69D67}.Release|x64.Build.0 = Release|Any CPU
		{0E7F4627-8F05-64B4-8D15-4B5EC5A69D67}.Release|x86.ActiveCfg = Release|Any CPU
		{0E7F4627-8F05-64B4-8D15-4B5EC5A69D67}.Release|x86.Build.0 = Release|Any CPU
		{F035CD8D-DE14-4BEB-9693-0DBB8F21EC35}.Debug|Any CPU.ActiveCfg = Debug|Any CPU
		{F035CD8D-DE14-4BEB-9693-0DBB8F21EC35}.Debug|Any CPU.Build.0 = Debug|Any CPU
		{F035CD8D-DE14-4BEB-9693-0DBB8F21EC35}.Debug|x64.ActiveCfg = Debug|Any CPU
		{F035CD8D-DE14-4BEB-9693-0DBB8F21EC35}.Debug|x64.Build.0 = Debug|Any CPU
		{F035CD8D-DE14-4BEB-9693-0DBB8F21EC35}.Debug|x86.ActiveCfg = Debug|Any CPU
		{F035CD8D-DE14-4BEB-9693-0DBB8F21EC35}.Debug|x86.Build.0 = Debug|Any CPU
		{F035CD8D-DE14-4BEB-9693-0DBB8F21EC35}.Release|Any CPU.ActiveCfg = Release|Any CPU
		{F035CD8D-DE14-4BEB-9693-0DBB8F21EC35}.Release|Any CPU.Build.0 = Release|Any CPU
		{F035CD8D-DE14-4BEB-9693-0DBB8F21EC35}.Release|x64.ActiveCfg = Release|Any CPU
		{F035CD8D-DE14-4BEB-9693-0DBB8F21EC35}.Release|x64.Build.0 = Release|Any CPU
		{F035CD8D-DE14-4BEB-9693-0DBB8F21EC35}.Release|x86.ActiveCfg = Release|Any CPU
		{F035CD8D-DE14-4BEB-9693-0DBB8F21EC35}.Release|x86.Build.0 = Release|Any CPU
	EndGlobalSection
	GlobalSection(SolutionProperties) = preSolution
		HideSolutionNode = FALSE
	EndGlobalSection
	GlobalSection(NestedProjects) = preSolution
		{EF895DC4-DE68-3A13-0006-A418EBCE152C} = {02EA681E-C7D8-13C7-8484-4AC65E1B71E8}
		{3FEA0800-9487-9FFC-D6F2-E628DC7D3DCA} = {02EA681E-C7D8-13C7-8484-4AC65E1B71E8}
		{DCA03763-AAF7-AEF8-93B2-2248CC26BBBF} = {02EA681E-C7D8-13C7-8484-4AC65E1B71E8}
		{18E0A458-0A78-7FE3-050B-B12EA60B6F0B} = {CED79162-5AD1-4480-BC02-9F3A9B02389E}
		{0E7F4627-8F05-64B4-8D15-4B5EC5A69D67} = {CED79162-5AD1-4480-BC02-9F3A9B02389E}
		{F035CD8D-DE14-4BEB-9693-0DBB8F21EC35} = {02EA681E-C7D8-13C7-8484-4AC65E1B71E8}
	EndGlobalSection
	GlobalSection(ExtensibilityGlobals) = postSolution
		SolutionGuid = {9A8BED1C-1FAB-4930-9099-D7916B95FA68}
	EndGlobalSection
EndGlobal
